
Microsoft Visual Studio Solution File, Format Version 12.00
# Visual Studio Version 17
VisualStudioVersion = 17.2.32516.85
MinimumVisualStudioVersion = 10.0.40219.1
Project("{2150E333-8FDC-42A3-9474-1A3956D46DE8}") = "Domain", "Domain", "{61A54674-BC4B-467E-B4F5-2E74D03EDF61}"
EndProject
Project("{2150E333-8FDC-42A3-9474-1A3956D46DE8}") = "Infra.Bus", "Infra.Bus", "{4D840328-6070-43AA-9B66-87C496C95C25}"
EndProject
Project("{2150E333-8FDC-42A3-9474-1A3956D46DE8}") = "Microservices", "Microservices", "{337F733A-6832-4A3E-B98E-B77107744156}"
EndProject
Project("{2150E333-8FDC-42A3-9474-1A3956D46DE8}") = "Infra.IoC", "Infra.IoC", "{BC085045-730D-4C27-A553-37CB8146A432}"
EndProject
Project("{2150E333-8FDC-42A3-9474-1A3956D46DE8}") = "Presentation", "Presentation", "{77FF24B6-BCF9-46B2-A641-3E25B5FD56CC}"
EndProject
Project("{9A19103F-16F7-4668-BE54-9A1E7A4F7556}") = "MicroRabbit.Domain.Core", "Domain\MicroRabbit.Domain.Core\MicroRabbit.Domain.Core.csproj", "{FC440EFD-B5E1-4967-B634-23FFCE88E7CE}"
EndProject
Project("{9A19103F-16F7-4668-BE54-9A1E7A4F7556}") = "MicroRabbit.Infra.Bus", "Infra.Bus\MicroRabbit.Infra.Bus\MicroRabbit.Infra.Bus.csproj", "{B63438A6-316B-49E9-A6D6-3B09DC34701A}"
EndProject
Project("{9A19103F-16F7-4668-BE54-9A1E7A4F7556}") = "MicroRabbit.Infra.IoC", "Infra.IoC\MicroRabbit.Infra.IoC\MicroRabbit.Infra.IoC.csproj", "{5AB97F3F-4BC7-49CB-B2E8-66D081A09E12}"
EndProject
Project("{2150E333-8FDC-42A3-9474-1A3956D46DE8}") = "Banking", "Banking", "{115BC68A-987F-484F-8E36-729AA1D87F81}"
EndProject
Project("{2150E333-8FDC-42A3-9474-1A3956D46DE8}") = "Api", "Api", "{84571CAE-CED3-4155-AF9C-737B6C6D7D4E}"
EndProject
Project("{2150E333-8FDC-42A3-9474-1A3956D46DE8}") = "Domain", "Domain", "{519C5DC7-36B9-4DEB-B0A5-9157462849B6}"
EndProject
Project("{2150E333-8FDC-42A3-9474-1A3956D46DE8}") = "Application", "Application", "{BE49A749-3B25-4E76-BAA5-BAB1C034FCD8}"
EndProject
Project("{2150E333-8FDC-42A3-9474-1A3956D46DE8}") = "Data", "Data", "{99A5E14A-0237-4B87-A58C-6137C33A043A}"
EndProject
Project("{9A19103F-16F7-4668-BE54-9A1E7A4F7556}") = "MicroRabbit.Banking.Api", "Microservices\Banking\Api\MicroRabbit.Banking.Api\MicroRabbit.Banking.Api.csproj", "{B05305D9-4D3E-4D8E-B6DC-27070EA280A0}"
EndProject
Project("{9A19103F-16F7-4668-BE54-9A1E7A4F7556}") = "MicroRabbit.Banking.Application", "Microservices\Banking\Application\MicroRabbit.Banking.Application\MicroRabbit.Banking.Application.csproj", "{C9EE9382-BB94-4C72-90F4-3815F08A135F}"
EndProject
Project("{9A19103F-16F7-4668-BE54-9A1E7A4F7556}") = "MicroRabbit.Banking.Data", "Microservices\Banking\Data\MicroRabbit.Banking.Data\MicroRabbit.Banking.Data.csproj", "{0569BE02-2DC4-441D-BB1A-6C2F238AEA78}"
EndProject
Project("{9A19103F-16F7-4668-BE54-9A1E7A4F7556}") = "MicroRabbit.Banking.Domain", "Microservices\Banking\Domain\MicroRabbit.Banking.Domain\MicroRabbit.Banking.Domain.csproj", "{0A5A07C8-1A24-40C4-AF9F-D26641D80F4B}"
EndProject
Project("{2150E333-8FDC-42A3-9474-1A3956D46DE8}") = "Transfer", "Transfer", "{F8CCC23B-F09A-4D85-AEC5-F484465557FB}"
EndProject
Project("{2150E333-8FDC-42A3-9474-1A3956D46DE8}") = "Api", "Api", "{E0452956-B718-43F9-B270-A0CBEFAF0ED7}"
EndProject
Project("{2150E333-8FDC-42A3-9474-1A3956D46DE8}") = "Application", "Application", "{70B4E434-33E1-4B2F-9406-D1FBABA81D0F}"
EndProject
Project("{2150E333-8FDC-42A3-9474-1A3956D46DE8}") = "Data", "Data", "{2FA2FF1A-AFE2-4645-B10B-FCD3B90CD3C6}"
EndProject
Project("{2150E333-8FDC-42A3-9474-1A3956D46DE8}") = "Domain", "Domain", "{BC7E70DB-C249-4AAA-8733-BA151EC956AE}"
EndProject
Project("{FAE04EC0-301F-11D3-BF4B-00C04F79EFBC}") = "MicroRabbit.Transfer.Api", "Microservices\Transfer\Api\MicroRabbit.Banking.Api\MicroRabbit.Transfer.Api\MicroRabbit.Transfer.Api.csproj", "{E576A066-D734-4280-AE0C-129881FEACE5}"
EndProject
Project("{FAE04EC0-301F-11D3-BF4B-00C04F79EFBC}") = "MicroRabbit.Transfer.Application", "Microservices\Transfer\Application\MicroRabbit.Transfer.Application\MicroRabbit.Transfer.Application.csproj", "{A7F36C0A-E9F4-4271-8994-52AE3A35C105}"
EndProject
Project("{FAE04EC0-301F-11D3-BF4B-00C04F79EFBC}") = "MicroRabbit.Transfer.Data", "Microservices\Transfer\Data\MicroRabbit.Transfer.Data\MicroRabbit.Transfer.Data.csproj", "{DA5E0036-8BC1-4D70-AAEA-2E4DA2C8FBB0}"
EndProject
Project("{FAE04EC0-301F-11D3-BF4B-00C04F79EFBC}") = "MicroRabbit.Transfer.Domain", "Microservices\Transfer\Domain\MicroRabbit.Transfer.Domain\MicroRabbit.Transfer.Domain.csproj", "{C3CFBCAD-3466-4ACB-9452-BEFF042B2A6C}"
EndProject
Global
	GlobalSection(SolutionConfigurationPlatforms) = preSolution
		Debug|Any CPU = Debug|Any CPU
		Release|Any CPU = Release|Any CPU
	EndGlobalSection
	GlobalSection(ProjectConfigurationPlatforms) = postSolution
		{FC440EFD-B5E1-4967-B634-23FFCE88E7CE}.Debug|Any CPU.ActiveCfg = Debug|Any CPU
		{FC440EFD-B5E1-4967-B634-23FFCE88E7CE}.Debug|Any CPU.Build.0 = Debug|Any CPU
		{FC440EFD-B5E1-4967-B634-23FFCE88E7CE}.Release|Any CPU.ActiveCfg = Release|Any CPU
		{FC440EFD-B5E1-4967-B634-23FFCE88E7CE}.Release|Any CPU.Build.0 = Release|Any CPU
		{B63438A6-316B-49E9-A6D6-3B09DC34701A}.Debug|Any CPU.ActiveCfg = Debug|Any CPU
		{B63438A6-316B-49E9-A6D6-3B09DC34701A}.Debug|Any CPU.Build.0 = Debug|Any CPU
		{B63438A6-316B-49E9-A6D6-3B09DC34701A}.Release|Any CPU.ActiveCfg = Release|Any CPU
		{B63438A6-316B-49E9-A6D6-3B09DC34701A}.Release|Any CPU.Build.0 = Release|Any CPU
		{5AB97F3F-4BC7-49CB-B2E8-66D081A09E12}.Debug|Any CPU.ActiveCfg = Debug|Any CPU
		{5AB97F3F-4BC7-49CB-B2E8-66D081A09E12}.Debug|Any CPU.Build.0 = Debug|Any CPU
		{5AB97F3F-4BC7-49CB-B2E8-66D081A09E12}.Release|Any CPU.ActiveCfg = Release|Any CPU
		{5AB97F3F-4BC7-49CB-B2E8-66D081A09E12}.Release|Any CPU.Build.0 = Release|Any CPU
		{B05305D9-4D3E-4D8E-B6DC-27070EA280A0}.Debug|Any CPU.ActiveCfg = Debug|Any CPU
		{B05305D9-4D3E-4D8E-B6DC-27070EA280A0}.Debug|Any CPU.Build.0 = Debug|Any CPU
		{B05305D9-4D3E-4D8E-B6DC-27070EA280A0}.Release|Any CPU.ActiveCfg = Release|Any CPU
		{B05305D9-4D3E-4D8E-B6DC-27070EA280A0}.Release|Any CPU.Build.0 = Release|Any CPU
		{C9EE9382-BB94-4C72-90F4-3815F08A135F}.Debug|Any CPU.ActiveCfg = Debug|Any CPU
		{C9EE9382-BB94-4C72-90F4-3815F08A135F}.Debug|Any CPU.Build.0 = Debug|Any CPU
		{C9EE9382-BB94-4C72-90F4-3815F08A135F}.Release|Any CPU.ActiveCfg = Release|Any CPU
		{C9EE9382-BB94-4C72-90F4-3815F08A135F}.Release|Any CPU.Build.0 = Release|Any CPU
		{0569BE02-2DC4-441D-BB1A-6C2F238AEA78}.Debug|Any CPU.ActiveCfg = Debug|Any CPU
		{0569BE02-2DC4-441D-BB1A-6C2F238AEA78}.Debug|Any CPU.Build.0 = Debug|Any CPU
		{0569BE02-2DC4-441D-BB1A-6C2F238AEA78}.Release|Any CPU.ActiveCfg = Release|Any CPU
		{0569BE02-2DC4-441D-BB1A-6C2F238AEA78}.Release|Any CPU.Build.0 = Release|Any CPU
		{0A5A07C8-1A24-40C4-AF9F-D26641D80F4B}.Debug|Any CPU.ActiveCfg = Debug|Any CPU
		{0A5A07C8-1A24-40C4-AF9F-D26641D80F4B}.Debug|Any CPU.Build.0 = Debug|Any CPU
		{0A5A07C8-1A24-40C4-AF9F-D26641D80F4B}.Release|Any CPU.ActiveCfg = Release|Any CPU
		{0A5A07C8-1A24-40C4-AF9F-D26641D80F4B}.Release|Any CPU.Build.0 = Release|Any CPU
		{E576A066-D734-4280-AE0C-129881FEACE5}.Debug|Any CPU.ActiveCfg = Debug|Any CPU
		{E576A066-D734-4280-AE0C-129881FEACE5}.Debug|Any CPU.Build.0 = Debug|Any CPU
		{E576A066-D734-4280-AE0C-129881FEACE5}.Release|Any CPU.ActiveCfg = Release|Any CPU
		{E576A066-D734-4280-AE0C-129881FEACE5}.Release|Any CPU.Build.0 = Release|Any CPU
		{A7F36C0A-E9F4-4271-8994-52AE3A35C105}.Debug|Any CPU.ActiveCfg = Debug|Any CPU
		{A7F36C0A-E9F4-4271-8994-52AE3A35C105}.Debug|Any CPU.Build.0 = Debug|Any CPU
		{A7F36C0A-E9F4-4271-8994-52AE3A35C105}.Release|Any CPU.ActiveCfg = Release|Any CPU
		{A7F36C0A-E9F4-4271-8994-52AE3A35C105}.Release|Any CPU.Build.0 = Release|Any CPU
		{DA5E0036-8BC1-4D70-AAEA-2E4DA2C8FBB0}.Debug|Any CPU.ActiveCfg = Debug|Any CPU
		{DA5E0036-8BC1-4D70-AAEA-2E4DA2C8FBB0}.Debug|Any CPU.Build.0 = Debug|Any CPU
		{DA5E0036-8BC1-4D70-AAEA-2E4DA2C8FBB0}.Release|Any CPU.ActiveCfg = Release|Any CPU
		{DA5E0036-8BC1-4D70-AAEA-2E4DA2C8FBB0}.Release|Any CPU.Build.0 = Release|Any CPU
		{C3CFBCAD-3466-4ACB-9452-BEFF042B2A6C}.Debug|Any CPU.ActiveCfg = Debug|Any CPU
		{C3CFBCAD-3466-4ACB-9452-BEFF042B2A6C}.Debug|Any CPU.Build.0 = Debug|Any CPU
		{C3CFBCAD-3466-4ACB-9452-BEFF042B2A6C}.Release|Any CPU.ActiveCfg = Release|Any CPU
		{C3CFBCAD-3466-4ACB-9452-BEFF042B2A6C}.Release|Any CPU.Build.0 = Release|Any CPU
	EndGlobalSection
	GlobalSection(SolutionProperties) = preSolution
		HideSolutionNode = FALSE
	EndGlobalSection
	GlobalSection(NestedProjects) = preSolution
		{FC440EFD-B5E1-4967-B634-23FFCE88E7CE} = {61A54674-BC4B-467E-B4F5-2E74D03EDF61}
		{B63438A6-316B-49E9-A6D6-3B09DC34701A} = {4D840328-6070-43AA-9B66-87C496C95C25}
		{5AB97F3F-4BC7-49CB-B2E8-66D081A09E12} = {BC085045-730D-4C27-A553-37CB8146A432}
		{115BC68A-987F-484F-8E36-729AA1D87F81} = {337F733A-6832-4A3E-B98E-B77107744156}
		{84571CAE-CED3-4155-AF9C-737B6C6D7D4E} = {115BC68A-987F-484F-8E36-729AA1D87F81}
		{519C5DC7-36B9-4DEB-B0A5-9157462849B6} = {115BC68A-987F-484F-8E36-729AA1D87F81}
		{BE49A749-3B25-4E76-BAA5-BAB1C034FCD8} = {115BC68A-987F-484F-8E36-729AA1D87F81}
		{99A5E14A-0237-4B87-A58C-6137C33A043A} = {115BC68A-987F-484F-8E36-729AA1D87F81}
		{B05305D9-4D3E-4D8E-B6DC-27070EA280A0} = {84571CAE-CED3-4155-AF9C-737B6C6D7D4E}
		{C9EE9382-BB94-4C72-90F4-3815F08A135F} = {BE49A749-3B25-4E76-BAA5-BAB1C034FCD8}
		{0569BE02-2DC4-441D-BB1A-6C2F238AEA78} = {99A5E14A-0237-4B87-A58C-6137C33A043A}
		{0A5A07C8-1A24-40C4-AF9F-D26641D80F4B} = {519C5DC7-36B9-4DEB-B0A5-9157462849B6}
		{F8CCC23B-F09A-4D85-AEC5-F484465557FB} = {337F733A-6832-4A3E-B98E-B77107744156}
		{E0452956-B718-43F9-B270-A0CBEFAF0ED7} = {F8CCC23B-F09A-4D85-AEC5-F484465557FB}
		{70B4E434-33E1-4B2F-9406-D1FBABA81D0F} = {F8CCC23B-F09A-4D85-AEC5-F484465557FB}
		{2FA2FF1A-AFE2-4645-B10B-FCD3B90CD3C6} = {F8CCC23B-F09A-4D85-AEC5-F484465557FB}
		{BC7E70DB-C249-4AAA-8733-BA151EC956AE} = {F8CCC23B-F09A-4D85-AEC5-F484465557FB}
		{E576A066-D734-4280-AE0C-129881FEACE5} = {E0452956-B718-43F9-B270-A0CBEFAF0ED7}
		{A7F36C0A-E9F4-4271-8994-52AE3A35C105} = {70B4E434-33E1-4B2F-9406-D1FBABA81D0F}
		{DA5E0036-8BC1-4D70-AAEA-2E4DA2C8FBB0} = {2FA2FF1A-AFE2-4645-B10B-FCD3B90CD3C6}
		{C3CFBCAD-3466-4ACB-9452-BEFF042B2A6C} = {BC7E70DB-C249-4AAA-8733-BA151EC956AE}
	EndGlobalSection
	GlobalSection(ExtensibilityGlobals) = postSolution
		SolutionGuid = {1C88D03D-2233-42CD-94D2-660CE57A9468}
	EndGlobalSection
EndGlobal
